
Microsoft Visual Studio Solution File, Format Version 12.00
# Visual Studio Version 16
VisualStudioVersion = 16.0.29613.14
MinimumVisualStudioVersion = 10.0.40219.1
Project("{FAE04EC0-301F-11D3-BF4B-00C04F79EFBC}") = "Blobber", "Blobber\Blobber.csproj", "{07A0030F-295C-49E6-A70F-09D4D3727A9C}"
EndProject
Global
	GlobalSection(SolutionConfigurationPlatforms) = preSolution
		Debug|Any CPU = Debug|Any CPU
		Release|Any CPU = Release|Any CPU
	EndGlobalSection
	GlobalSection(ProjectConfigurationPlatforms) = postSolution
		{07A0030F-295C-49E6-A70F-09D4D3727A9C}.Debug|Any CPU.ActiveCfg = Debug|Any CPU
		{07A0030F-295C-49E6-A70F-09D4D3727A9C}.Debug|Any CPU.Build.0 = Debug|Any CPU
		{07A0030F-295C-49E6-A70F-09D4D3727A9C}.Release|Any CPU.ActiveCfg = Release|Any CPU
		{07A0030F-295C-49E6-A70F-09D4D3727A9C}.Release|Any CPU.Build.0 = Release|Any CPU
	EndGlobalSection
	GlobalSection(SolutionProperties) = preSolution
		HideSolutionNode = FALSE
	EndGlobalSection
	GlobalSection(ExtensibilityGlobals) = postSolution
		SolutionGuid = {F85AA4B1-153F-4358-8FA9-96ED069948AE}
	EndGlobalSection
EndGlobal
